{
  "name": "chang_APP",
  "version": "1.0.0",
  "lockfileVersion": 1,
  "requires": true,
  "dependencies": {
    "canvas-gauges": {
      "version": "2.1.5",
      "resolved": "https://registry.npm.taobao.org/canvas-gauges/download/canvas-gauges-2.1.5.tgz",
      "integrity": "sha1-YuRhKAzPfqolRIYpETAomnkKfT8="
    },
    "echarts": {
      "version": "4.4.0",
      "resolved": "https://registry.npm.taobao.org/echarts/download/echarts-4.4.0.tgz?cache=0&sync_timestamp=1571077296738&other_urls=https%3A%2F%2Fregistry.npm.taobao.org%2Fecharts%2Fdownload%2Fecharts-4.4.0.tgz",
      "integrity": "sha1-1SYFZs7wuY9aALrxtQEOksHCNmE=",
      "requires": {
        "zrender": "4.1.1"
      }
    },
    "zrender": {
      "version": "4.1.1",
      "resolved": "https://registry.npm.taobao.org/zrender/download/zrender-4.1.1.tgz",
      "integrity": "sha1-IB5YpVzxp+lz4dutPBVZbvh3n1Q="
    }
  }
}
